
Microsoft Visual Studio Solution File, Format Version 12.00
# Visual Studio Version 17
VisualStudioVersion = 17.3.32825.248
MinimumVisualStudioVersion = 10.0.40219.1
Project("{FAE04EC0-301F-11D3-BF4B-00C04F79EFBC}") = "DSS", "DSS.csproj", "{F611788B-4069-474B-A19C-F93E24C3FD6E}"
EndProject
Global
	GlobalSection(SolutionConfigurationPlatforms) = preSolution
		Debug|Any CPU = Debug|Any CPU
		Release|Any CPU = Release|Any CPU
	EndGlobalSection
	GlobalSection(ProjectConfigurationPlatforms) = postSolution
		{F611788B-4069-474B-A19C-F93E24C3FD6E}.Debug|Any CPU.ActiveCfg = Debug|Any CPU
		{F611788B-4069-474B-A19C-F93E24C3FD6E}.Debug|Any CPU.Build.0 = Debug|Any CPU
		{F611788B-4069-474B-A19C-F93E24C3FD6E}.Release|Any CPU.ActiveCfg = Release|Any CPU
		{F611788B-4069-474B-A19C-F93E24C3FD6E}.Release|Any CPU.Build.0 = Release|Any CPU
	EndGlobalSection
	GlobalSection(SolutionProperties) = preSolution
		HideSolutionNode = FALSE
	EndGlobalSection
	GlobalSection(ExtensibilityGlobals) = postSolution
		SolutionGuid = {3B855B2B-5BBA-420F-88DE-99F67B85EF78}
	EndGlobalSection
EndGlobal
